<?xml version="1.0" encoding="UTF-8" standalone="yes" ?>
<CodeBlocks_project_file>
	<FileVersion major="1" minor="6" />
	<Project>
		<Option title="ProyectoEDD" />
		<Option pch_mode="2" />
		<Option compiler="gcc" />
		<Build>
			<Target title="default">
				<Option output="ProyectoEDD" prefix_auto="1" extension_auto="1" />
				<Option type="1" />
				<Option compiler="gcc" />
			</Target>
		</Build>
		<Unit filename="Colaa.cpp" />
		<Unit filename="Colaa.h" />
		<Unit filename="ListaCircular.cpp" />
		<Unit filename="ListaCircular.h" />
		<Unit filename="ListaDobleEnlazadaa.cpp" />
		<Unit filename="ListaDobleEnlazadaa.h" />
		<Unit filename="NodoListaDobleCircular.cpp" />
		<Unit filename="NodoListaDobleCircular.h" />
		<Unit filename="main.cpp" />
		<Extensions>
			<lib_finder disable_auto="1" />
		</Extensions>
	</Project>
</CodeBlocks_project_file>
